// !$*UTF8*$!
{
	archiveVersion = 1;
	classes = {
	};
	objectVersion = 50;
	objects = {

/* Begin PBXBuildFile section */
		3EB7FB9356D17F9A2804B8B5 /* Pods_Nikarin.framework in Frameworks */ = {isa = PBXBuildFile; fileRef = 2F1178FD44B4A3A7E7468781 /* Pods_Nikarin.framework */; };
		DE22A07C2175AD5500CFBB2A /* AppDelegate.swift in Sources */ = {isa = PBXBuildFile; fileRef = DE22A07B2175AD5500CFBB2A /* AppDelegate.swift */; };
		DE22A07E2175AD5500CFBB2A /* ViewController.swift in Sources */ = {isa = PBXBuildFile; fileRef = DE22A07D2175AD5500CFBB2A /* ViewController.swift */; };
		DE22A0812175AD5500CFBB2A /* Main.storyboard in Resources */ = {isa = PBXBuildFile; fileRef = DE22A07F2175AD5500CFBB2A /* Main.storyboard */; };
		DE22A0832175AD5900CFBB2A /* Assets.xcassets in Resources */ = {isa = PBXBuildFile; fileRef = DE22A0822175AD5900CFBB2A /* Assets.xcassets */; };
		DE22A0862175AD5900CFBB2A /* LaunchScreen.storyboard in Resources */ = {isa = PBXBuildFile; fileRef = DE22A0842175AD5900CFBB2A /* LaunchScreen.storyboard */; };
		DE22A08E2175B5F200CFBB2A /* QRViewController.swift in Sources */ = {isa = PBXBuildFile; fileRef = DE22A08D2175B5F200CFBB2A /* QRViewController.swift */; };
		DE22A0902175B62400CFBB2A /* ARScenekitViewController.swift in Sources */ = {isa = PBXBuildFile; fileRef = DE22A08F2175B62400CFBB2A /* ARScenekitViewController.swift */; };
		DED62D4D217D9D350094EAF7 /* ViewControllerTwinLoad.swift in Sources */ = {isa = PBXBuildFile; fileRef = DED62D4C217D9D350094EAF7 /* ViewControllerTwinLoad.swift */; };
/* End PBXBuildFile section */

/* Begin PBXFileReference section */
		2366B3F036303234ECFC8B7B /* Pods-Nikarin.release.xcconfig */ = {isa = PBXFileReference; includeInIndex = 1; lastKnownFileType = text.xcconfig; name = "Pods-Nikarin.release.xcconfig"; path = "Pods/Target Support Files/Pods-Nikarin/Pods-Nikarin.release.xcconfig"; sourceTree = "<group>"; };
		2F1178FD44B4A3A7E7468781 /* Pods_Nikarin.framework */ = {isa = PBXFileReference; explicitFileType = wrapper.framework; includeInIndex = 0; path = Pods_Nikarin.framework; sourceTree = BUILT_PRODUCTS_DIR; };
		BEEE285D36409DD21BD9D34A /* Pods-Nikarin.debug.xcconfig */ = {isa = PBXFileReference; includeInIndex = 1; lastKnownFileType = text.xcconfig; name = "Pods-Nikarin.debug.xcconfig"; path = "Pods/Target Support Files/Pods-Nikarin/Pods-Nikarin.debug.xcconfig"; sourceTree = "<group>"; };
		DE22A0782175AD5500CFBB2A /* Nikarin.app */ = {isa = PBXFileReference; explicitFileType = wrapper.application; includeInIndex = 0; path = Nikarin.app; sourceTree = BUILT_PRODUCTS_DIR; };
		DE22A07B2175AD5500CFBB2A /* AppDelegate.swift */ = {isa = PBXFileReference; lastKnownFileType = sourcecode.swift; path = AppDelegate.swift; sourceTree = "<group>"; };
		DE22A07D2175AD5500CFBB2A /* ViewController.swift */ = {isa = PBXFileReference; lastKnownFileType = sourcecode.swift; path = ViewController.swift; sourceTree = "<group>"; };
		DE22A0802175AD5500CFBB2A /* Base */ = {isa = PBXFileReference; lastKnownFileType = file.storyboard; name = Base; path = Base.lproj/Main.storyboard; sourceTree = "<group>"; };
		DE22A0822175AD5900CFBB2A /* Assets.xcassets */ = {isa = PBXFileReference; lastKnownFileType = folder.assetcatalog; path = Assets.xcassets; sourceTree = "<group>"; };
		DE22A0852175AD5900CFBB2A /* Base */ = {isa = PBXFileReference; lastKnownFileType = file.storyboard; name = Base; path = Base.lproj/LaunchScreen.storyboard; sourceTree = "<group>"; };
		DE22A0872175AD5900CFBB2A /* Info.plist */ = {isa = PBXFileReference; lastKnownFileType = text.plist.xml; path = Info.plist; sourceTree = "<group>"; };
		DE22A08D2175B5F200CFBB2A /* QRViewController.swift */ = {isa = PBXFileReference; lastKnownFileType = sourcecode.swift; path = QRViewController.swift; sourceTree = "<group>"; };
		DE22A08F2175B62400CFBB2A /* ARScenekitViewController.swift */ = {isa = PBXFileReference; lastKnownFileType = sourcecode.swift; path = ARScenekitViewController.swift; sourceTree = "<group>"; };
		DED62D4C217D9D350094EAF7 /* ViewControllerTwinLoad.swift */ = {isa = PBXFileReference; lastKnownFileType = sourcecode.swift; path = ViewControllerTwinLoad.swift; sourceTree = "<group>"; };
/* End PBXFileReference section */

/* Begin PBXFrameworksBuildPhase section */
		DE22A0752175AD5500CFBB2A /* Frameworks */ = {
			isa = PBXFrameworksBuildPhase;
			buildActionMask = 2147483647;
			files = (
				3EB7FB9356D17F9A2804B8B5 /* Pods_Nikarin.framework in Frameworks */,
			);
			runOnlyForDeploymentPostprocessing = 0;
		};
/* End PBXFrameworksBuildPhase section */

/* Begin PBXGroup section */
		88839E3C7DF5598ABEFE5B6C /* Pods */ = {
			isa = PBXGroup;
			children = (
				BEEE285D36409DD21BD9D34A /* Pods-Nikarin.debug.xcconfig */,
				2366B3F036303234ECFC8B7B /* Pods-Nikarin.release.xcconfig */,
			);
			name = Pods;
			sourceTree = "<group>";
		};
		DE22A06F2175AD5500CFBB2A = {
			isa = PBXGroup;
			children = (
				DE22A07A2175AD5500CFBB2A /* Nikarin */,
				DE22A0792175AD5500CFBB2A /* Products */,
				88839E3C7DF5598ABEFE5B6C /* Pods */,
				F5BAEBB34984BB3CCA97ED08 /* Frameworks */,
			);
			sourceTree = "<group>";
		};
		DE22A0792175AD5500CFBB2A /* Products */ = {
			isa = PBXGroup;
			children = (
				DE22A0782175AD5500CFBB2A /* Nikarin.app */,
			);
			name = Products;
			sourceTree = "<group>";
		};
		DE22A07A2175AD5500CFBB2A /* Nikarin */ = {
			isa = PBXGroup;
			children = (
				DE22A07B2175AD5500CFBB2A /* AppDelegate.swift */,
				DE22A07D2175AD5500CFBB2A /* ViewController.swift */,
				DE22A07F2175AD5500CFBB2A /* Main.storyboard */,
				DE22A0822175AD5900CFBB2A /* Assets.xcassets */,
				DE22A0842175AD5900CFBB2A /* LaunchScreen.storyboard */,
				DE22A0872175AD5900CFBB2A /* Info.plist */,
				DE22A08D2175B5F200CFBB2A /* QRViewController.swift */,
				DE22A08F2175B62400CFBB2A /* ARScenekitViewController.swift */,
				DED62D4C217D9D350094EAF7 /* ViewControllerTwinLoad.swift */,
			);
			path = Nikarin;
			sourceTree = "<group>";
		};
		F5BAEBB34984BB3CCA97ED08 /* Frameworks */ = {
			isa = PBXGroup;
			children = (
				2F1178FD44B4A3A7E7468781 /* Pods_Nikarin.framework */,
			);
			name = Frameworks;
			sourceTree = "<group>";
		};
/* End PBXGroup section */

/* Begin PBXNativeTarget section */
		DE22A0772175AD5500CFBB2A /* Nikarin */ = {
			isa = PBXNativeTarget;
			buildConfigurationList = DE22A08A2175AD5900CFBB2A /* Build configuration list for PBXNativeTarget "Nikarin" */;
			buildPhases = (
				CFC342F1347B5AFACAFD6335 /* [CP] Check Pods Manifest.lock */,
				DE22A0742175AD5500CFBB2A /* Sources */,
				DE22A0752175AD5500CFBB2A /* Frameworks */,
				DE22A0762175AD5500CFBB2A /* Resources */,
				CB2B91A8CC2B304C2BCC154C /* [CP] Embed Pods Frameworks */,
			);
			buildRules = (
			);
			dependencies = (
			);
			name = Nikarin;
			productName = Nikarin;
			productReference = DE22A0782175AD5500CFBB2A /* Nikarin.app */;
			productType = "com.apple.product-type.application";
		};
/* End PBXNativeTarget section */

/* Begin PBXProject section */
		DE22A0702175AD5500CFBB2A /* Project object */ = {
			isa = PBXProject;
			attributes = {
				LastSwiftUpdateCheck = 1000;
				LastUpgradeCheck = 1000;
				ORGANIZATIONNAME = SAG;
				TargetAttributes = {
					DE22A0772175AD5500CFBB2A = {
						CreatedOnToolsVersion = 10.0;
					};
				};
			};
			buildConfigurationList = DE22A0732175AD5500CFBB2A /* Build configuration list for PBXProject "Nikarin" */;
			compatibilityVersion = "Xcode 9.3";
			developmentRegion = en;
			hasScannedForEncodings = 0;
			knownRegions = (
				en,
				Base,
			);
			mainGroup = DE22A06F2175AD5500CFBB2A;
			productRefGroup = DE22A0792175AD5500CFBB2A /* Products */;
			projectDirPath = "";
			projectRoot = "";
			targets = (
				DE22A0772175AD5500CFBB2A /* Nikarin */,
			);
		};
/* End PBXProject section */

/* Begin PBXResourcesBuildPhase section */
		DE22A0762175AD5500CFBB2A /* Resources */ = {
			isa = PBXResourcesBuildPhase;
			buildActionMask = 2147483647;
			files = (
				DE22A0862175AD5900CFBB2A /* LaunchScreen.storyboard in Resources */,
				DE22A0832175AD5900CFBB2A /* Assets.xcassets in Resources */,
				DE22A0812175AD5500CFBB2A /* Main.storyboard in Resources */,
			);
			runOnlyForDeploymentPostprocessing = 0;
		};
/* End PBXResourcesBuildPhase section */

/* Begin PBXShellScriptBuildPhase section */
		CB2B91A8CC2B304C2BCC154C /* [CP] Embed Pods Frameworks */ = {
			isa = PBXShellScriptBuildPhase;
			buildActionMask = 2147483647;
			files = (
			);
			inputPaths = (
				"${SRCROOT}/Pods/Target Support Files/Pods-Nikarin/Pods-Nikarin-frameworks.sh",
				"${BUILT_PRODUCTS_DIR}/MBProgressHUD/MBProgressHUD.framework",
			);
			name = "[CP] Embed Pods Frameworks";
			outputPaths = (
				"${TARGET_BUILD_DIR}/${FRAMEWORKS_FOLDER_PATH}/MBProgressHUD.framework",
			);
			runOnlyForDeploymentPostprocessing = 0;
			shellPath = /bin/sh;
			shellScript = "\"${SRCROOT}/Pods/Target Support Files/Pods-Nikarin/Pods-Nikarin-frameworks.sh\"\n";
			showEnvVarsInLog = 0;
		};
		CFC342F1347B5AFACAFD6335 /* [CP] Check Pods Manifest.lock */ = {
			isa = PBXShellScriptBuildPhase;
			buildActionMask = 2147483647;
			files = (
			);
			inputPaths = (
				"${PODS_PODFILE_DIR_PATH}/Podfile.lock",
				"${PODS_ROOT}/Manifest.lock",
			);
			name = "[CP] Check Pods Manifest.lock";
			outputPaths = (
				"$(DERIVED_FILE_DIR)/Pods-Nikarin-checkManifestLockResult.txt",
			);
			runOnlyForDeploymentPostprocessing = 0;
			shellPath = /bin/sh;
			shellScript = "diff \"${PODS_PODFILE_DIR_PATH}/Podfile.lock\" \"${PODS_ROOT}/Manifest.lock\" > /dev/null\nif [ $? != 0 ] ; then\n    # print error to STDERR\n    echo \"error: The sandbox is not in sync with the Podfile.lock. Run 'pod install' or update your CocoaPods installation.\" >&2\n    exit 1\nfi\n# This output is used by Xcode 'outputs' to avoid re-running this script phase.\necho \"SUCCESS\" > \"${SCRIPT_OUTPUT_FILE_0}\"\n";
			showEnvVarsInLog = 0;
		};
/* End PBXShellScriptBuildPhase section */

/* Begin PBXSourcesBuildPhase section */
		DE22A0742175AD5500CFBB2A /* Sources */ = {
			isa = PBXSourcesBuildPhase;
			buildActionMask = 2147483647;
			files = (
				DE22A07E2175AD5500CFBB2A /* ViewController.swift in Sources */,
				DE22A0902175B62400CFBB2A /* ARScenekitViewController.swift in Sources */,
				DE22A07C2175AD5500CFBB2A /* AppDelegate.swift in Sources */,
				DE22A08E2175B5F200CFBB2A /* QRViewController.swift in Sources */,
				DED62D4D217D9D350094EAF7 /* ViewControllerTwinLoad.swift in Sources */,
			);
			runOnlyForDeploymentPostprocessing = 0;
		};
/* End PBXSourcesBuildPhase section */

/* Begin PBXVariantGroup section */
		DE22A07F2175AD5500CFBB2A /* Main.storyboard */ = {
			isa = PBXVariantGroup;
			children = (
				DE22A0802175AD5500CFBB2A /* Base */,
			);
			name = Main.storyboard;
			sourceTree = "<group>";
		};
		DE22A0842175AD5900CFBB2A /* LaunchScreen.storyboard */ = {
			isa = PBXVariantGroup;
			children = (
				DE22A0852175AD5900CFBB2A /* Base */,
			);
			name = LaunchScreen.storyboard;
			sourceTree = "<group>";
		};
/* End PBXVariantGroup section */

/* Begin XCBuildConfiguration section */
		DE22A0882175AD5900CFBB2A /* Debug */ = {
			isa = XCBuildConfiguration;
			buildSettings = {
				ALWAYS_SEARCH_USER_PATHS = NO;
				CLANG_ANALYZER_NONNULL = YES;
				CLANG_ANALYZER_NUMBER_OBJECT_CONVERSION = YES_AGGRESSIVE;
				CLANG_CXX_LANGUAGE_STANDARD = "gnu++14";
				CLANG_CXX_LIBRARY = "libc++";
				CLANG_ENABLE_MODULES = YES;
				CLANG_ENABLE_OBJC_ARC = YES;
				CLANG_ENABLE_OBJC_WEAK = YES;
				CLANG_WARN_BLOCK_CAPTURE_AUTORELEASING = YES;
				CLANG_WARN_BOOL_CONVERSION = YES;
				CLANG_WARN_COMMA = YES;
				CLANG_WARN_CONSTANT_CONVERSION = YES;
				CLANG_WARN_DEPRECATED_OBJC_IMPLEMENTATIONS = YES;
				CLANG_WARN_DIRECT_OBJC_ISA_USAGE = YES_ERROR;
				CLANG_WARN_DOCUMENTATION_COMMENTS = YES;
				CLANG_WARN_EMPTY_BODY = YES;
				CLANG_WARN_ENUM_CONVERSION = YES;
				CLANG_WARN_INFINITE_RECURSION = YES;
				CLANG_WARN_INT_CONVERSION = YES;
				CLANG_WARN_NON_LITERAL_NULL_CONVERSION = YES;
				CLANG_WARN_OBJC_IMPLICIT_RETAIN_SELF = YES;
				CLANG_WARN_OBJC_LITERAL_CONVERSION = YES;
				CLANG_WARN_OBJC_ROOT_CLASS = YES_ERROR;
				CLANG_WARN_RANGE_LOOP_ANALYSIS = YES;
				CLANG_WARN_STRICT_PROTOTYPES = YES;
				CLANG_WARN_SUSPICIOUS_MOVE = YES;
				CLANG_WARN_UNGUARDED_AVAILABILITY = YES_AGGRESSIVE;
				CLANG_WARN_UNREACHABLE_CODE = YES;
				CLANG_WARN__DUPLICATE_METHOD_MATCH = YES;
				CODE_SIGN_IDENTITY = "iPhone Developer";
				COPY_PHASE_STRIP = NO;
				DEBUG_INFORMATION_FORMAT = dwarf;
				ENABLE_STRICT_OBJC_MSGSEND = YES;
				ENABLE_TESTABILITY = YES;
				GCC_C_LANGUAGE_STANDARD = gnu11;
				GCC_DYNAMIC_NO_PIC = NO;
				GCC_NO_COMMON_BLOCKS = YES;
				GCC_OPTIMIZATION_LEVEL = 0;
				GCC_PREPROCESSOR_DEFINITIONS = (
					"DEBUG=1",
					"$(inherited)",
				);
				GCC_WARN_64_TO_32_BIT_CONVERSION = YES;
				GCC_WARN_ABOUT_RETURN_TYPE = YES_ERROR;
				GCC_WARN_UNDECLARED_SELECTOR = YES;
				GCC_WARN_UNINITIALIZED_AUTOS = YES_AGGRESSIVE;
				GCC_WARN_UNUSED_FUNCTION = YES;
				GCC_WARN_UNUSED_VARIABLE = YES;
				IPHONEOS_DEPLOYMENT_TARGET = 12.0;
				MTL_ENABLE_DEBUG_INFO = INCLUDE_SOURCE;
				MTL_FAST_MATH = YES;
				ONLY_ACTIVE_ARCH = YES;
				SDKROOT = iphoneos;
				SWIFT_ACTIVE_COMPILATION_CONDITIONS = DEBUG;
				SWIFT_OPTIMIZATION_LEVEL = "-Onone";
			};
			name = Debug;
		};
		DE22A0892175AD5900CFBB2A /* Release */ = {
			isa = XCBuildConfiguration;
			buildSettings = {
				ALWAYS_SEARCH_USER_PATHS = NO;
				CLANG_ANALYZER_NONNULL = YES;
				CLANG_ANALYZER_NUMBER_OBJECT_CONVERSION = YES_AGGRESSIVE;
				CLANG_CXX_LANGUAGE_STANDARD = "gnu++14";
				CLANG_CXX_LIBRARY = "libc++";
				CLANG_ENABLE_MODULES = YES;
				CLANG_ENABLE_OBJC_ARC = YES;
				CLANG_ENABLE_OBJC_WEAK = YES;
				CLANG_WARN_BLOCK_CAPTURE_AUTORELEASING = YES;
				CLANG_WARN_BOOL_CONVERSION = YES;
				CLANG_WARN_COMMA = YES;
				CLANG_WARN_CONSTANT_CONVERSION = YES;
				CLANG_WARN_DEPRECATED_OBJC_IMPLEMENTATIONS = YES;
				CLANG_WARN_DIRECT_OBJC_ISA_USAGE = YES_ERROR;
				CLANG_WARN_DOCUMENTATION_COMMENTS = YES;
				CLANG_WARN_EMPTY_BODY = YES;
				CLANG_WARN_ENUM_CONVERSION = YES;
				CLANG_WARN_INFINITE_RECURSION = YES;
				CLANG_WARN_INT_CONVERSION = YES;
				CLANG_WARN_NON_LITERAL_NULL_CONVERSION = YES;
				CLANG_WARN_OBJC_IMPLICIT_RETAIN_SELF = YES;
				CLANG_WARN_OBJC_LITERAL_CONVERSION = YES;
				CLANG_WARN_OBJC_ROOT_CLASS = YES_ERROR;
				CLANG_WARN_RANGE_LOOP_ANALYSIS = YES;
				CLANG_WARN_STRICT_PROTOTYPES = YES;
				CLANG_WARN_SUSPICIOUS_MOVE = YES;
				CLANG_WARN_UNGUARDED_AVAILABILITY = YES_AGGRESSIVE;
				CLANG_WARN_UNREACHABLE_CODE = YES;
				CLANG_WARN__DUPLICATE_METHOD_MATCH = YES;
				CODE_SIGN_IDENTITY = "iPhone Developer";
				COPY_PHASE_STRIP = NO;
				DEBUG_INFORMATION_FORMAT = "dwarf-with-dsym";
				ENABLE_NS_ASSERTIONS = NO;
				ENABLE_STRICT_OBJC_MSGSEND = YES;
				GCC_C_LANGUAGE_STANDARD = gnu11;
				GCC_NO_COMMON_BLOCKS = YES;
				GCC_WARN_64_TO_32_BIT_CONVERSION = YES;
				GCC_WARN_ABOUT_RETURN_TYPE = YES_ERROR;
				GCC_WARN_UNDECLARED_SELECTOR = YES;
				GCC_WARN_UNINITIALIZED_AUTOS = YES_AGGRESSIVE;
				GCC_WARN_UNUSED_FUNCTION = YES;
				GCC_WARN_UNUSED_VARIABLE = YES;
				IPHONEOS_DEPLOYMENT_TARGET = 12.0;
				MTL_ENABLE_DEBUG_INFO = NO;
				MTL_FAST_MATH = YES;
				SDKROOT = iphoneos;
				SWIFT_COMPILATION_MODE = wholemodule;
				SWIFT_OPTIMIZATION_LEVEL = "-O";
				VALIDATE_PRODUCT = YES;
			};
			name = Release;
		};
		DE22A08B2175AD5900CFBB2A /* Debug */ = {
			isa = XCBuildConfiguration;
			baseConfigurationReference = BEEE285D36409DD21BD9D34A /* Pods-Nikarin.debug.xcconfig */;
			buildSettings = {
				ASSETCATALOG_COMPILER_APPICON_NAME = AppIcon;
				CODE_SIGN_STYLE = Automatic;
				DEVELOPMENT_TEAM = MS594492KK;
				INFOPLIST_FILE = Nikarin/Info.plist;
				LD_RUNPATH_SEARCH_PATHS = (
					"$(inherited)",
					"@executable_path/Frameworks",
				);
				PRODUCT_BUNDLE_IDENTIFIER = com.softwareag.Nikarin;
				PRODUCT_NAME = "$(TARGET_NAME)";
				SWIFT_VERSION = 4.2;
				TARGETED_DEVICE_FAMILY = "1,2";
			};
			name = Debug;
		};
		DE22A08C2175AD5900CFBB2A /* Release */ = {
			isa = XCBuildConfiguration;
			baseConfigurationReference = 2366B3F036303234ECFC8B7B /* Pods-Nikarin.release.xcconfig */;
			buildSettings = {
				ASSETCATALOG_COMPILER_APPICON_NAME = AppIcon;
				CODE_SIGN_STYLE = Automatic;
				DEVELOPMENT_TEAM = MS594492KK;
				INFOPLIST_FILE = Nikarin/Info.plist;
				LD_RUNPATH_SEARCH_PATHS = (
					"$(inherited)",
					"@executable_path/Frameworks",
				);
				PRODUCT_BUNDLE_IDENTIFIER = com.softwareag.Nikarin;
				PRODUCT_NAME = "$(TARGET_NAME)";
				SWIFT_VERSION = 4.2;
				TARGETED_DEVICE_FAMILY = "1,2";
			};
			name = Release;
		};
/* End XCBuildConfiguration section */

/* Begin XCConfigurationList section */
		DE22A0732175AD5500CFBB2A /* Build configuration list for PBXProject "Nikarin" */ = {
			isa = XCConfigurationList;
			buildConfigurations = (
				DE22A0882175AD5900CFBB2A /* Debug */,
				DE22A0892175AD5900CFBB2A /* Release */,
			);
			defaultConfigurationIsVisible = 0;
			defaultConfigurationName = Release;
		};
		DE22A08A2175AD5900CFBB2A /* Build configuration list for PBXNativeTarget "Nikarin" */ = {
			isa = XCConfigurationList;
			buildConfigurations = (
				DE22A08B2175AD5900CFBB2A /* Debug */,
				DE22A08C2175AD5900CFBB2A /* Release */,
			);
			defaultConfigurationIsVisible = 0;
			defaultConfigurationName = Release;
		};
/* End XCConfigurationList section */
	};
	rootObject = DE22A0702175AD5500CFBB2A /* Project object */;
}
